<?xml version="1.0" encoding="utf-8"?>
<Project ToolsVersion="4.0" xmlns="http://schemas.microsoft.com/developer/msbuild/2003">
  <ItemGroup>
    <Filter Include="Source Files">
      <UniqueIdentifier>{4FC737F1-C7A5-4376-A066-2A32D752A2FF}</UniqueIdentifier>
      <Extensions>cpp;c;cc;cxx;def;odl;idl;hpj;bat;asm;asmx</Extensions>
    </Filter>
    <Filter Include="Header Files">
      <UniqueIdentifier>{93995380-89BD-4b04-88EB-625FBE52EBFB}</UniqueIdentifier>
      <Extensions>h;hh;hpp;hxx;hm;inl;inc;xsd</Extensions>
    </Filter>
    <Filter Include="Resource Files">
      <UniqueIdentifier>{67DA6AB6-F800-4c08-8B7A-83BB121AAD01}</UniqueIdentifier>
      <Extensions>rc;ico;cur;bmp;dlg;rc2;rct;bin;rgs;gif;jpg;jpeg;jpe;resx;tiff;tif;png;wav;mfcribbon-ms</Extensions>
    </Filter>
  </ItemGroup>
  <ItemGroup>
    <ClCompile Include="fsm.c">
      <Filter>Source Files</Filter>
    </ClCompile>
    <ClCompile Include="diag.c">
      <Filter>Source Files</Filter>
    </ClCompile>
    <ClCompile Include="arch-win32\win32-startup.c">
      <Filter>Source Files</Filter>
    </ClCompile>
    <ClCompile Include="proto-standard\msg.c">
      <Filter>Source Files</Filter>
    </ClCompile>
    <ClCompile Include="proto-standard\fsm-table.c">
      <Filter>Source Files</Filter>
    </ClCompile>
    <ClCompile Include="proto-standard\hooks.c">
      <Filter>Source Files</Filter>
    </ClCompile>
    <ClCompile Include="proto-standard\state-initializing.c">
      <Filter>Source Files</Filter>
    </ClCompile>
    <ClCompile Include="proto-standard\state-listening.c">
      <Filter>Source Files</Filter>
    </ClCompile>
    <ClCompile Include="proto-standard\state-faulty.c">
      <Filter>Source Files</Filter>
    </ClCompile>
    <ClCompile Include="proto-standard\state-disabled.c">
      <Filter>Source Files</Filter>
    </ClCompile>
    <ClCompile Include="proto-standard\state-pre-master.c">
      <Filter>Source Files</Filter>
    </ClCompile>
    <ClCompile Include="proto-standard\state-master.c">
      <Filter>Source Files</Filter>
    </ClCompile>
    <ClCompile Include="proto-standard\state-passive.c">
      <Filter>Source Files</Filter>
    </ClCompile>
    <ClCompile Include="proto-standard\state-uncalibrated.c">
      <Filter>Source Files</Filter>
    </ClCompile>
    <ClCompile Include="proto-standard\state-slave.c">
      <Filter>Source Files</Filter>
    </ClCompile>
    <ClCompile Include="proto-standard\timeout.c">
      <Filter>Source Files</Filter>
    </ClCompile>
    <ClCompile Include="proto-standard\servo.c">
      <Filter>Source Files</Filter>
    </ClCompile>
    <ClCompile Include="proto-standard\arith.c">
      <Filter>Source Files</Filter>
    </ClCompile>
    <ClCompile Include="lib\div64.c">
      <Filter>Source Files</Filter>
    </ClCompile>
    <ClCompile Include="proto-standard\common-fun.c">
      <Filter>Source Files</Filter>
    </ClCompile>
    <ClCompile Include="proto-standard\bmc.c">
      <Filter>Source Files</Filter>
    </ClCompile>
    <ClCompile Include="proto-standard\open-close.c">
      <Filter>Source Files</Filter>
    </ClCompile>
    <ClCompile Include="lib\cmdline.c">
      <Filter>Source Files</Filter>
    </ClCompile>
    <ClCompile Include="lib\conf.c">
      <Filter>Source Files</Filter>
    </ClCompile>
    <ClCompile Include="time-win32\win32-socket.c">
      <Filter>Source Files</Filter>
    </ClCompile>
    <ClCompile Include="time-win32\win32-time.c">
      <Filter>Source Files</Filter>
    </ClCompile>
    <ClCompile Include="lib\drop.c">
      <Filter>Source Files</Filter>
    </ClCompile>
    <ClCompile Include="arch-win32\main-loop.c">
      <Filter>Source Files</Filter>
    </ClCompile>
    <ClCompile Include="tools\dump-funcs.c">
      <Filter>Source Files</Filter>
    </ClCompile>
  </ItemGroup>
  <ItemGroup>
    <ClInclude Include="arch-win32\include\arch\arch.h">
      <Filter>Header Files</Filter>
    </ClInclude>
    <ClInclude Include="arch-win32\include\arch\constants.h">
      <Filter>Header Files</Filter>
    </ClInclude>
    <ClInclude Include="include\ppsi\constants.h">
      <Filter>Header Files</Filter>
    </ClInclude>
    <ClInclude Include="include\ppsi\diag-macros.h">
      <Filter>Header Files</Filter>
    </ClInclude>
    <ClInclude Include="include\ppsi\ieee1588_types.h">
      <Filter>Header Files</Filter>
    </ClInclude>
    <ClInclude Include="include\ppsi\jiffies.h">
      <Filter>Header Files</Filter>
    </ClInclude>
    <ClInclude Include="include\ppsi\lib.h">
      <Filter>Header Files</Filter>
    </ClInclude>
    <ClInclude Include="include\ppsi\pp-instance.h">
      <Filter>Header Files</Filter>
    </ClInclude>
    <ClInclude Include="include\ppsi\ppsi.h">
      <Filter>Header Files</Filter>
    </ClInclude>
    <ClInclude Include="proto-standard\common-fun.h">
      <Filter>Header Files</Filter>
    </ClInclude>
    <ClInclude Include="arch-win32\include\generated\autoconf.h">
      <Filter>Header Files</Filter>
    </ClInclude>
    <ClInclude Include="arch-win32\ppsi-win32.h">
      <Filter>Header Files</Filter>
    </ClInclude>
    <ClInclude Include="tools\decent_types.h">
      <Filter>Header Files</Filter>
    </ClInclude>
    <ClInclude Include="tools\ptpdump.h">
      <Filter>Header Files</Filter>
    </ClInclude>
  </ItemGroup>
</Project>